
Microsoft Visual Studio Solution File, Format Version 12.00
# Visual Studio Version 16
VisualStudioVersion = 16.0.30907.101
MinimumVisualStudioVersion = 10.0.40219.1
Project("{FAE04EC0-301F-11D3-BF4B-00C04F79EFBC}") = "NetCore.WebApp", "NetCore.WebApp\NetCore.WebApp.csproj", "{7BE79B69-FFDC-446D-8234-A931A5D740B3}"
EndProject
Project("{9A19103F-16F7-4668-BE54-9A1E7A4F7556}") = "Lib", "Lib\Lib.csproj", "{17309107-41D8-45FA-9850-A92B816934F3}"
EndProject
Global
	GlobalSection(SolutionConfigurationPlatforms) = preSolution
		Debug|Any CPU = Debug|Any CPU
		Release|Any CPU = Release|Any CPU
	EndGlobalSection
	GlobalSection(ProjectConfigurationPlatforms) = postSolution
		{7BE79B69-FFDC-446D-8234-A931A5D740B3}.Debug|Any CPU.ActiveCfg = Debug|Any CPU
		{7BE79B69-FFDC-446D-8234-A931A5D740B3}.Debug|Any CPU.Build.0 = Debug|Any CPU
		{7BE79B69-FFDC-446D-8234-A931A5D740B3}.Release|Any CPU.ActiveCfg = Release|Any CPU
		{7BE79B69-FFDC-446D-8234-A931A5D740B3}.Release|Any CPU.Build.0 = Release|Any CPU
		{17309107-41D8-45FA-9850-A92B816934F3}.Debug|Any CPU.ActiveCfg = Debug|Any CPU
		{17309107-41D8-45FA-9850-A92B816934F3}.Debug|Any CPU.Build.0 = Debug|Any CPU
		{17309107-41D8-45FA-9850-A92B816934F3}.Release|Any CPU.ActiveCfg = Release|Any CPU
		{17309107-41D8-45FA-9850-A92B816934F3}.Release|Any CPU.Build.0 = Release|Any CPU
	EndGlobalSection
	GlobalSection(SolutionProperties) = preSolution
		HideSolutionNode = FALSE
	EndGlobalSection
	GlobalSection(ExtensibilityGlobals) = postSolution
		SolutionGuid = {965502C1-6C80-497F-BAD6-48E85F48B51A}
	EndGlobalSection
EndGlobal
